{
  "version": 4,
  "terraform_version": "1.14.3",
  "serial": 92,
  "lineage": "fd41e44f-e77a-4a37-6f32-23e6b0617050",
  "outputs": {
    "backup_ip": {
      "value": [
        "10.196.245.53"
      ],
      "type": [
        "tuple",
        [
          "string"
        ]
      ]
    },
    "database_ips": {
      "value": [
        "10.196.244.155",
        "10.196.240.174"
      ],
      "type": [
        "tuple",
        [
          "string",
          "string"
        ]
      ]
    },
    "loadbalancer_ip": {
      "value": [
        "10.196.242.193"
      ],
      "type": [
        "tuple",
        [
          "string"
        ]
      ]
    },
    "webserver_ips": {
      "value": [
        "10.196.241.32",
        "10.196.244.94"
      ],
      "type": [
        "tuple",
        [
          "string",
          "string"
        ]
      ]
    }
  },
  "resources": [
    {
      "mode": "managed",
      "type": "openstack_compute_instance_v2",
      "name": "backup",
      "provider": "provider[\"registry.terraform.io/terraform-provider-openstack/openstack\"]",
      "instances": [
        {
          "index_key": 0,
          "schema_version": 0,
          "attributes": {
            "access_ip_v4": "10.196.245.53",
            "access_ip_v6": "2001:700:740:a101:f816:3eff:feb0:a68a",
            "admin_pass": null,
            "all_metadata": {},
            "all_tags": [],
            "availability_zone": "nova",
            "availability_zone_hints": null,
            "block_device": [],
            "config_drive": null,
            "created": "2026-02-25 13:10:32 +0000 UTC",
            "flavor_id": "2db2d811-a566-4438-b7ad-64735413c2db",
            "flavor_name": "aem.1c2r.50g",
            "force_delete": false,
            "hypervisor_hostname": "",
            "id": "7fc53ff4-724c-4ffb-8554-204d640ea505",
            "image_id": "414d4efa-e67d-43cc-b484-3d88817bcec1",
            "image_name": "Ubuntu-24.04-LTS (Noble Numbat)",
            "key_pair": "MasterVMKey",
            "metadata": null,
            "name": "backup-1",
            "network": [
              {
                "access_network": false,
                "fixed_ip_v4": "10.196.245.53",
                "fixed_ip_v6": "2001:700:740:a101:f816:3eff:feb0:a68a",
                "mac": "fa:16:3e:b0:a6:8a",
                "name": "oslomet",
                "port": "",
                "uuid": "070f5eb2-628f-4ef9-b885-533b13632043"
              }
            ],
            "network_mode": null,
            "personality": [],
            "power_state": "active",
            "region": "Pilestredet",
            "scheduler_hints": [],
            "security_groups": [
              "default"
            ],
            "stop_before_destroy": false,
            "tags": null,
            "timeouts": null,
            "updated": "2026-02-25 13:11:09 +0000 UTC",
            "user_data": null,
            "vendor_options": []
          },
          "sensitive_attributes": [
            [
              {
                "type": "get_attr",
                "value": "admin_pass"
              }
            ]
          ],
          "identity_schema_version": 0,
          "private": "eyJlMmJmYjczMC1lY2FhLTExZTYtOGY4OC0zNDM2M2JjN2M0YzAiOnsiY3JlYXRlIjoxODAwMDAwMDAwMDAwLCJkZWxldGUiOjE4MDAwMDAwMDAwMDAsInVwZGF0ZSI6MTgwMDAwMDAwMDAwMH19"
        }
      ]
    },
    {
      "mode": "managed",
      "type": "openstack_compute_instance_v2",
      "name": "database",
      "provider": "provider[\"registry.terraform.io/terraform-provider-openstack/openstack\"]",
      "instances": [
        {
          "index_key": 0,
          "schema_version": 0,
          "attributes": {
            "access_ip_v4": "10.196.244.155",
            "access_ip_v6": "2001:700:740:a101:f816:3eff:fe8d:36a8",
            "admin_pass": null,
            "all_metadata": {},
            "all_tags": [],
            "availability_zone": "nova",
            "availability_zone_hints": null,
            "block_device": [],
            "config_drive": null,
            "created": "2026-02-25 13:10:32 +0000 UTC",
            "flavor_id": "2db2d811-a566-4438-b7ad-64735413c2db",
            "flavor_name": "aem.1c2r.50g",
            "force_delete": false,
            "hypervisor_hostname": "",
            "id": "44e7f7a0-06bb-469c-b46c-de26a9462eaf",
            "image_id": "414d4efa-e67d-43cc-b484-3d88817bcec1",
            "image_name": "Ubuntu-24.04-LTS (Noble Numbat)",
            "key_pair": "MasterVMKey",
            "metadata": null,
            "name": "database-1",
            "network": [
              {
                "access_network": false,
                "fixed_ip_v4": "10.196.244.155",
                "fixed_ip_v6": "2001:700:740:a101:f816:3eff:fe8d:36a8",
                "mac": "fa:16:3e:8d:36:a8",
                "name": "oslomet",
                "port": "",
                "uuid": "070f5eb2-628f-4ef9-b885-533b13632043"
              }
            ],
            "network_mode": null,
            "personality": [],
            "power_state": "active",
            "region": "Pilestredet",
            "scheduler_hints": [],
            "security_groups": [
              "default"
            ],
            "stop_before_destroy": false,
            "tags": null,
            "timeouts": null,
            "updated": "2026-02-25 13:11:01 +0000 UTC",
            "user_data": null,
            "vendor_options": []
          },
          "sensitive_attributes": [
            [
              {
                "type": "get_attr",
                "value": "admin_pass"
              }
            ]
          ],
          "identity_schema_version": 0,
          "private": "eyJlMmJmYjczMC1lY2FhLTExZTYtOGY4OC0zNDM2M2JjN2M0YzAiOnsiY3JlYXRlIjoxODAwMDAwMDAwMDAwLCJkZWxldGUiOjE4MDAwMDAwMDAwMDAsInVwZGF0ZSI6MTgwMDAwMDAwMDAwMH19"
        },
        {
          "index_key": 1,
          "schema_version": 0,
          "attributes": {
            "access_ip_v4": "10.196.240.174",
            "access_ip_v6": "2001:700:740:a101:f816:3eff:fe6c:60a0",
            "admin_pass": null,
            "all_metadata": {},
            "all_tags": [],
            "availability_zone": "nova",
            "availability_zone_hints": null,
            "block_device": [],
            "config_drive": null,
            "created": "2026-02-25 13:10:32 +0000 UTC",
            "flavor_id": "2db2d811-a566-4438-b7ad-64735413c2db",
            "flavor_name": "aem.1c2r.50g",
            "force_delete": false,
            "hypervisor_hostname": "",
            "id": "9f27fbe0-5c95-46f9-95e2-5fb600ff82f8",
            "image_id": "414d4efa-e67d-43cc-b484-3d88817bcec1",
            "image_name": "Ubuntu-24.04-LTS (Noble Numbat)",
            "key_pair": "MasterVMKey",
            "metadata": null,
            "name": "database-2",
            "network": [
              {
                "access_network": false,
                "fixed_ip_v4": "10.196.240.174",
                "fixed_ip_v6": "2001:700:740:a101:f816:3eff:fe6c:60a0",
                "mac": "fa:16:3e:6c:60:a0",
                "name": "oslomet",
                "port": "",
                "uuid": "070f5eb2-628f-4ef9-b885-533b13632043"
              }
            ],
            "network_mode": null,
            "personality": [],
            "power_state": "active",
            "region": "Pilestredet",
            "scheduler_hints": [],
            "security_groups": [
              "default"
            ],
            "stop_before_destroy": false,
            "tags": null,
            "timeouts": null,
            "updated": "2026-02-25 13:10:57 +0000 UTC",
            "user_data": null,
            "vendor_options": []
          },
          "sensitive_attributes": [
            [
              {
                "type": "get_attr",
                "value": "admin_pass"
              }
            ]
          ],
          "identity_schema_version": 0,
          "private": "eyJlMmJmYjczMC1lY2FhLTExZTYtOGY4OC0zNDM2M2JjN2M0YzAiOnsiY3JlYXRlIjoxODAwMDAwMDAwMDAwLCJkZWxldGUiOjE4MDAwMDAwMDAwMDAsInVwZGF0ZSI6MTgwMDAwMDAwMDAwMH19"
        }
      ]
    },
    {
      "mode": "managed",
      "type": "openstack_compute_instance_v2",
      "name": "loadbalancer",
      "provider": "provider[\"registry.terraform.io/terraform-provider-openstack/openstack\"]",
      "instances": [
        {
          "index_key": 0,
          "schema_version": 0,
          "attributes": {
            "access_ip_v4": "10.196.242.193",
            "access_ip_v6": "2001:700:740:a101:f816:3eff:fe6b:29da",
            "admin_pass": null,
            "all_metadata": {},
            "all_tags": [],
            "availability_zone": "nova",
            "availability_zone_hints": null,
            "block_device": [],
            "config_drive": null,
            "created": "2026-02-25 13:10:32 +0000 UTC",
            "flavor_id": "2db2d811-a566-4438-b7ad-64735413c2db",
            "flavor_name": "aem.1c2r.50g",
            "force_delete": false,
            "hypervisor_hostname": "",
            "id": "ffd9b7eb-0b1c-44ec-9785-0f523558593d",
            "image_id": "414d4efa-e67d-43cc-b484-3d88817bcec1",
            "image_name": "Ubuntu-24.04-LTS (Noble Numbat)",
            "key_pair": "MasterVMKey",
            "metadata": null,
            "name": "loadbalancer-1",
            "network": [
              {
                "access_network": false,
                "fixed_ip_v4": "10.196.242.193",
                "fixed_ip_v6": "2001:700:740:a101:f816:3eff:fe6b:29da",
                "mac": "fa:16:3e:6b:29:da",
                "name": "oslomet",
                "port": "",
                "uuid": "070f5eb2-628f-4ef9-b885-533b13632043"
              }
            ],
            "network_mode": null,
            "personality": [],
            "power_state": "active",
            "region": "Pilestredet",
            "scheduler_hints": [],
            "security_groups": [
              "default"
            ],
            "stop_before_destroy": false,
            "tags": null,
            "timeouts": null,
            "updated": "2026-02-25 13:11:11 +0000 UTC",
            "user_data": null,
            "vendor_options": []
          },
          "sensitive_attributes": [
            [
              {
                "type": "get_attr",
                "value": "admin_pass"
              }
            ]
          ],
          "identity_schema_version": 0,
          "private": "eyJlMmJmYjczMC1lY2FhLTExZTYtOGY4OC0zNDM2M2JjN2M0YzAiOnsiY3JlYXRlIjoxODAwMDAwMDAwMDAwLCJkZWxldGUiOjE4MDAwMDAwMDAwMDAsInVwZGF0ZSI6MTgwMDAwMDAwMDAwMH19"
        }
      ]
    },
    {
      "mode": "managed",
      "type": "openstack_compute_instance_v2",
      "name": "webserver",
      "provider": "provider[\"registry.terraform.io/terraform-provider-openstack/openstack\"]",
      "instances": [
        {
          "index_key": 0,
          "schema_version": 0,
          "attributes": {
            "access_ip_v4": "10.196.241.32",
            "access_ip_v6": "2001:700:740:a101:f816:3eff:fea5:f22b",
            "admin_pass": null,
            "all_metadata": {},
            "all_tags": [],
            "availability_zone": "nova",
            "availability_zone_hints": null,
            "block_device": [],
            "config_drive": null,
            "created": "2026-02-25 13:10:32 +0000 UTC",
            "flavor_id": "2db2d811-a566-4438-b7ad-64735413c2db",
            "flavor_name": "aem.1c2r.50g",
            "force_delete": false,
            "hypervisor_hostname": "",
            "id": "f4093640-337e-4758-972b-7b1c404bf402",
            "image_id": "414d4efa-e67d-43cc-b484-3d88817bcec1",
            "image_name": "Ubuntu-24.04-LTS (Noble Numbat)",
            "key_pair": "MasterVMKey",
            "metadata": null,
            "name": "webserver-1",
            "network": [
              {
                "access_network": false,
                "fixed_ip_v4": "10.196.241.32",
                "fixed_ip_v6": "2001:700:740:a101:f816:3eff:fea5:f22b",
                "mac": "fa:16:3e:a5:f2:2b",
                "name": "oslomet",
                "port": "",
                "uuid": "070f5eb2-628f-4ef9-b885-533b13632043"
              }
            ],
            "network_mode": null,
            "personality": [],
            "power_state": "active",
            "region": "Pilestredet",
            "scheduler_hints": [],
            "security_groups": [
              "default"
            ],
            "stop_before_destroy": false,
            "tags": null,
            "timeouts": null,
            "updated": "2026-02-25 13:11:05 +0000 UTC",
            "user_data": null,
            "vendor_options": []
          },
          "sensitive_attributes": [
            [
              {
                "type": "get_attr",
                "value": "admin_pass"
              }
            ]
          ],
          "identity_schema_version": 0,
          "private": "eyJlMmJmYjczMC1lY2FhLTExZTYtOGY4OC0zNDM2M2JjN2M0YzAiOnsiY3JlYXRlIjoxODAwMDAwMDAwMDAwLCJkZWxldGUiOjE4MDAwMDAwMDAwMDAsInVwZGF0ZSI6MTgwMDAwMDAwMDAwMH19"
        },
        {
          "index_key": 1,
          "schema_version": 0,
          "attributes": {
            "access_ip_v4": "10.196.244.94",
            "access_ip_v6": "2001:700:740:a101:f816:3eff:fe44:4091",
            "admin_pass": null,
            "all_metadata": {},
            "all_tags": [],
            "availability_zone": "nova",
            "availability_zone_hints": null,
            "block_device": [],
            "config_drive": null,
            "created": "2026-02-25 13:10:32 +0000 UTC",
            "flavor_id": "2db2d811-a566-4438-b7ad-64735413c2db",
            "flavor_name": "aem.1c2r.50g",
            "force_delete": false,
            "hypervisor_hostname": "",
            "id": "ab88434b-8524-4a8a-ac27-b34047283693",
            "image_id": "414d4efa-e67d-43cc-b484-3d88817bcec1",
            "image_name": "Ubuntu-24.04-LTS (Noble Numbat)",
            "key_pair": "MasterVMKey",
            "metadata": null,
            "name": "webserver-2",
            "network": [
              {
                "access_network": false,
                "fixed_ip_v4": "10.196.244.94",
                "fixed_ip_v6": "2001:700:740:a101:f816:3eff:fe44:4091",
                "mac": "fa:16:3e:44:40:91",
                "name": "oslomet",
                "port": "",
                "uuid": "070f5eb2-628f-4ef9-b885-533b13632043"
              }
            ],
            "network_mode": null,
            "personality": [],
            "power_state": "active",
            "region": "Pilestredet",
            "scheduler_hints": [],
            "security_groups": [
              "default"
            ],
            "stop_before_destroy": false,
            "tags": null,
            "timeouts": null,
            "updated": "2026-02-25 13:10:54 +0000 UTC",
            "user_data": null,
            "vendor_options": []
          },
          "sensitive_attributes": [
            [
              {
                "type": "get_attr",
                "value": "admin_pass"
              }
            ]
          ],
          "identity_schema_version": 0,
          "private": "eyJlMmJmYjczMC1lY2FhLTExZTYtOGY4OC0zNDM2M2JjN2M0YzAiOnsiY3JlYXRlIjoxODAwMDAwMDAwMDAwLCJkZWxldGUiOjE4MDAwMDAwMDAwMDAsInVwZGF0ZSI6MTgwMDAwMDAwMDAwMH19"
        }
      ]
    }
  ],
  "check_results": null
}
